
Microsoft Visual Studio Solution File, Format Version 12.00
# Visual Studio 14
VisualStudioVersion = 14.0.24720.0
MinimumVisualStudioVersion = 10.0.40219.1
Project("{FAE04EC0-301F-11D3-BF4B-00C04F79EFBC}") = "TestingDemo.Web", "TestingDemo\TestingDemo.Web.csproj", "{D15CE821-5DFA-4756-B3F5-DC4C0CD141AA}"
EndProject
Project("{FAE04EC0-301F-11D3-BF4B-00C04F79EFBC}") = "TestingDemo.Repository", "TestingDemo.Repository\TestingDemo.Repository.csproj", "{C5067E6C-DC19-4396-8DC9-2400BEB3526B}"
EndProject
Project("{FAE04EC0-301F-11D3-BF4B-00C04F79EFBC}") = "TestingDemo.Models", "TestingDemo.Models\TestingDemo.Models.csproj", "{BFB7C275-AFB2-4F99-88F1-ED23EAA48871}"
EndProject
Project("{2150E333-8FDC-42A3-9474-1A3956D46DE8}") = "Tests", "Tests", "{188CBB33-BE3E-4085-88DF-4ADE6A17FBC1}"
EndProject
Project("{FAE04EC0-301F-11D3-BF4B-00C04F79EFBC}") = "TestingDemo.Web.Specs", "TestingDemo.Web.Specs\TestingDemo.Web.Specs.csproj", "{5750F944-A626-4B9B-B963-E98721AA8EDB}"
EndProject
Global
	GlobalSection(SolutionConfigurationPlatforms) = preSolution
		Debug|Any CPU = Debug|Any CPU
		Release|Any CPU = Release|Any CPU
	EndGlobalSection
	GlobalSection(ProjectConfigurationPlatforms) = postSolution
		{D15CE821-5DFA-4756-B3F5-DC4C0CD141AA}.Debug|Any CPU.ActiveCfg = Debug|Any CPU
		{D15CE821-5DFA-4756-B3F5-DC4C0CD141AA}.Debug|Any CPU.Build.0 = Debug|Any CPU
		{D15CE821-5DFA-4756-B3F5-DC4C0CD141AA}.Release|Any CPU.ActiveCfg = Release|Any CPU
		{D15CE821-5DFA-4756-B3F5-DC4C0CD141AA}.Release|Any CPU.Build.0 = Release|Any CPU
		{C5067E6C-DC19-4396-8DC9-2400BEB3526B}.Debug|Any CPU.ActiveCfg = Debug|Any CPU
		{C5067E6C-DC19-4396-8DC9-2400BEB3526B}.Debug|Any CPU.Build.0 = Debug|Any CPU
		{C5067E6C-DC19-4396-8DC9-2400BEB3526B}.Release|Any CPU.ActiveCfg = Release|Any CPU
		{C5067E6C-DC19-4396-8DC9-2400BEB3526B}.Release|Any CPU.Build.0 = Release|Any CPU
		{BFB7C275-AFB2-4F99-88F1-ED23EAA48871}.Debug|Any CPU.ActiveCfg = Debug|Any CPU
		{BFB7C275-AFB2-4F99-88F1-ED23EAA48871}.Debug|Any CPU.Build.0 = Debug|Any CPU
		{BFB7C275-AFB2-4F99-88F1-ED23EAA48871}.Release|Any CPU.ActiveCfg = Release|Any CPU
		{BFB7C275-AFB2-4F99-88F1-ED23EAA48871}.Release|Any CPU.Build.0 = Release|Any CPU
		{5750F944-A626-4B9B-B963-E98721AA8EDB}.Debug|Any CPU.ActiveCfg = Debug|Any CPU
		{5750F944-A626-4B9B-B963-E98721AA8EDB}.Debug|Any CPU.Build.0 = Debug|Any CPU
		{5750F944-A626-4B9B-B963-E98721AA8EDB}.Release|Any CPU.ActiveCfg = Release|Any CPU
		{5750F944-A626-4B9B-B963-E98721AA8EDB}.Release|Any CPU.Build.0 = Release|Any CPU
	EndGlobalSection
	GlobalSection(SolutionProperties) = preSolution
		HideSolutionNode = FALSE
	EndGlobalSection
	GlobalSection(NestedProjects) = preSolution
		{5750F944-A626-4B9B-B963-E98721AA8EDB} = {188CBB33-BE3E-4085-88DF-4ADE6A17FBC1}
	EndGlobalSection
EndGlobal
